PODS:
  - Differentiator (4.0.1)
  - ReactorKit (2.0.1):
    - RxSwift (~> 5.0)
  - RxCocoa (5.0.1):
    - RxRelay (~> 5)
    - RxSwift (~> 5)
  - RxDataSources (4.0.1):
    - Differentiator (~> 4.0)
    - RxCocoa (~> 5.0)
    - RxSwift (~> 5.0)
  - RxRelay (5.0.1):
    - RxSwift (~> 5)
  - RxSwift (5.0.1)
  - RxUIAlert (1.1.1):
    - RxCocoa
    - RxSwift

DEPENDENCIES:
  - ReactorKit
  - RxCocoa
  - RxDataSources
  - RxSwift
  - RxUIAlert

SPEC REPOS:
  trunk:
    - Differentiator
    - ReactorKit
    - RxCocoa
    - RxDataSources
    - RxRelay
    - RxSwift
    - RxUIAlert

SPEC CHECKSUMS:
  Differentiator: 886080237d9f87f322641dedbc5be257061b0602
  ReactorKit: a63c5e11e0fd32d59d672e54178b0ed2876b764b
  RxCocoa: e741b9749968e8a143e2b787f1dfbff2b63d0a5c
  RxDataSources: efee07fa4de48477eca0a4611e6d11e2da9c1114
  RxRelay: 89d54507f4fd4d969e6ec1d4bd7f3673640b4640
  RxSwift: e2dc62b366a3adf6a0be44ba9f405efd4c94e0c4
  RxUIAlert: d7535b4cf150914d623275638e73fb74312acf11

PODFILE CHECKSUM: c257c02a59aa56ee8c7c37de384cfc537bfc47c9

COCOAPODS: 1.8.4
